
Microsoft Visual Studio Solution File, Format Version 11.00
# Visual Studio 2010
Project("{FAE04EC0-301F-11D3-BF4B-00C04F79EFBC}") = "fitmedia", "fitmedia\fitmedia.csproj", "{A5836C66-1805-4163-934F-251C16A2581B}"
EndProject
Project("{FAE04EC0-301F-11D3-BF4B-00C04F79EFBC}") = "APIServiceProviderNamespace", "APIServiceProvider\APIServiceProviderNamespace.csproj", "{246D7144-9FF0-42AF-B880-659C0E33B643}"
EndProject
Project("{FAE04EC0-301F-11D3-BF4B-00C04F79EFBC}") = "FitmediaSync", "FitmediaSync\FitmediaSync.csproj", "{DBA55747-AA5F-4BB5-8C5F-416C075A8146}"
EndProject
Project("{FAE04EC0-301F-11D3-BF4B-00C04F79EFBC}") = "FitmediaServiceInstaller", "FitmediaServiceInstaller\FitmediaServiceInstaller.csproj", "{3F5C1D26-1641-4A8F-A14A-34A2385B5614}"
EndProject
Project("{FAE04EC0-301F-11D3-BF4B-00C04F79EFBC}") = "WSStatusChecker", "WSStatusChecker\WSStatusChecker.csproj", "{28D94239-ED2E-48D5-ABC0-3FFAFC4E73CA}"
EndProject
Global
	GlobalSection(SolutionConfigurationPlatforms) = preSolution
		Debug|Any CPU = Debug|Any CPU
		Debug|Mixed Platforms = Debug|Mixed Platforms
		Debug|x86 = Debug|x86
		Release|Any CPU = Release|Any CPU
		Release|Mixed Platforms = Release|Mixed Platforms
		Release|x86 = Release|x86
	EndGlobalSection
	GlobalSection(ProjectConfigurationPlatforms) = postSolution
		{A5836C66-1805-4163-934F-251C16A2581B}.Debug|Any CPU.ActiveCfg = Debug|Any CPU
		{A5836C66-1805-4163-934F-251C16A2581B}.Debug|Any CPU.Build.0 = Debug|Any CPU
		{A5836C66-1805-4163-934F-251C16A2581B}.Debug|Mixed Platforms.ActiveCfg = Debug|Any CPU
		{A5836C66-1805-4163-934F-251C16A2581B}.Debug|Mixed Platforms.Build.0 = Debug|Any CPU
		{A5836C66-1805-4163-934F-251C16A2581B}.Debug|x86.ActiveCfg = Debug|Any CPU
		{A5836C66-1805-4163-934F-251C16A2581B}.Release|Any CPU.ActiveCfg = Release|Any CPU
		{A5836C66-1805-4163-934F-251C16A2581B}.Release|Any CPU.Build.0 = Release|Any CPU
		{A5836C66-1805-4163-934F-251C16A2581B}.Release|Mixed Platforms.ActiveCfg = Release|Any CPU
		{A5836C66-1805-4163-934F-251C16A2581B}.Release|Mixed Platforms.Build.0 = Release|Any CPU
		{A5836C66-1805-4163-934F-251C16A2581B}.Release|x86.ActiveCfg = Release|Any CPU
		{246D7144-9FF0-42AF-B880-659C0E33B643}.Debug|Any CPU.ActiveCfg = Debug|Any CPU
		{246D7144-9FF0-42AF-B880-659C0E33B643}.Debug|Any CPU.Build.0 = Debug|Any CPU
		{246D7144-9FF0-42AF-B880-659C0E33B643}.Debug|Mixed Platforms.ActiveCfg = Debug|Any CPU
		{246D7144-9FF0-42AF-B880-659C0E33B643}.Debug|Mixed Platforms.Build.0 = Debug|Any CPU
		{246D7144-9FF0-42AF-B880-659C0E33B643}.Debug|x86.ActiveCfg = Debug|Any CPU
		{246D7144-9FF0-42AF-B880-659C0E33B643}.Release|Any CPU.ActiveCfg = Release|Any CPU
		{246D7144-9FF0-42AF-B880-659C0E33B643}.Release|Any CPU.Build.0 = Release|Any CPU
		{246D7144-9FF0-42AF-B880-659C0E33B643}.Release|Mixed Platforms.ActiveCfg = Release|Any CPU
		{246D7144-9FF0-42AF-B880-659C0E33B643}.Release|Mixed Platforms.Build.0 = Release|Any CPU
		{246D7144-9FF0-42AF-B880-659C0E33B643}.Release|x86.ActiveCfg = Release|Any CPU
		{DBA55747-AA5F-4BB5-8C5F-416C075A8146}.Debug|Any CPU.ActiveCfg = Debug|Any CPU
		{DBA55747-AA5F-4BB5-8C5F-416C075A8146}.Debug|Any CPU.Build.0 = Debug|Any CPU
		{DBA55747-AA5F-4BB5-8C5F-416C075A8146}.Debug|Mixed Platforms.ActiveCfg = Debug|Any CPU
		{DBA55747-AA5F-4BB5-8C5F-416C075A8146}.Debug|Mixed Platforms.Build.0 = Debug|Any CPU
		{DBA55747-AA5F-4BB5-8C5F-416C075A8146}.Debug|x86.ActiveCfg = Debug|Any CPU
		{DBA55747-AA5F-4BB5-8C5F-416C075A8146}.Release|Any CPU.ActiveCfg = Release|Any CPU
		{DBA55747-AA5F-4BB5-8C5F-416C075A8146}.Release|Any CPU.Build.0 = Release|Any CPU
		{DBA55747-AA5F-4BB5-8C5F-416C075A8146}.Release|Mixed Platforms.ActiveCfg = Release|Any CPU
		{DBA55747-AA5F-4BB5-8C5F-416C075A8146}.Release|Mixed Platforms.Build.0 = Release|Any CPU
		{DBA55747-AA5F-4BB5-8C5F-416C075A8146}.Release|x86.ActiveCfg = Release|Any CPU
		{3F5C1D26-1641-4A8F-A14A-34A2385B5614}.Debug|Any CPU.ActiveCfg = Debug|Any CPU
		{3F5C1D26-1641-4A8F-A14A-34A2385B5614}.Debug|Any CPU.Build.0 = Debug|Any CPU
		{3F5C1D26-1641-4A8F-A14A-34A2385B5614}.Debug|Mixed Platforms.ActiveCfg = Debug|Any CPU
		{3F5C1D26-1641-4A8F-A14A-34A2385B5614}.Debug|Mixed Platforms.Build.0 = Debug|Any CPU
		{3F5C1D26-1641-4A8F-A14A-34A2385B5614}.Debug|x86.ActiveCfg = Debug|Any CPU
		{3F5C1D26-1641-4A8F-A14A-34A2385B5614}.Release|Any CPU.ActiveCfg = Release|Any CPU
		{3F5C1D26-1641-4A8F-A14A-34A2385B5614}.Release|Any CPU.Build.0 = Release|Any CPU
		{3F5C1D26-1641-4A8F-A14A-34A2385B5614}.Release|Mixed Platforms.ActiveCfg = Release|Any CPU
		{3F5C1D26-1641-4A8F-A14A-34A2385B5614}.Release|Mixed Platforms.Build.0 = Release|Any CPU
		{3F5C1D26-1641-4A8F-A14A-34A2385B5614}.Release|x86.ActiveCfg = Release|Any CPU
		{28D94239-ED2E-48D5-ABC0-3FFAFC4E73CA}.Debug|Any CPU.ActiveCfg = Debug|x86
		{28D94239-ED2E-48D5-ABC0-3FFAFC4E73CA}.Debug|Mixed Platforms.ActiveCfg = Debug|x86
		{28D94239-ED2E-48D5-ABC0-3FFAFC4E73CA}.Debug|Mixed Platforms.Build.0 = Debug|x86
		{28D94239-ED2E-48D5-ABC0-3FFAFC4E73CA}.Debug|x86.ActiveCfg = Debug|x86
		{28D94239-ED2E-48D5-ABC0-3FFAFC4E73CA}.Debug|x86.Build.0 = Debug|x86
		{28D94239-ED2E-48D5-ABC0-3FFAFC4E73CA}.Release|Any CPU.ActiveCfg = Release|x86
		{28D94239-ED2E-48D5-ABC0-3FFAFC4E73CA}.Release|Mixed Platforms.ActiveCfg = Release|x86
		{28D94239-ED2E-48D5-ABC0-3FFAFC4E73CA}.Release|Mixed Platforms.Build.0 = Release|x86
		{28D94239-ED2E-48D5-ABC0-3FFAFC4E73CA}.Release|x86.ActiveCfg = Release|x86
		{28D94239-ED2E-48D5-ABC0-3FFAFC4E73CA}.Release|x86.Build.0 = Release|x86
	EndGlobalSection
	GlobalSection(SolutionProperties) = preSolution
		HideSolutionNode = FALSE
	EndGlobalSection
EndGlobal
